Microsoft Visual Studio Solution File, Format Version 12.00
# Visual Studio Version 17
VisualStudioVersion = 17.4.33213.308
MinimumVisualStudioVersion = 10.0.40219.1
Project("{9A19103F-16F7-4668-BE54-9A1E7A4F7556}") = "CalculatorApp", "CalculatorApp\CalculatorApp.csproj", "{B16548F5-DDB7-444E-8153-34DF56D68658}"
EndProject
Project("{9A19103F-16F7-4668-BE54-9A1E7A4F7556}") = "CalculatorApp.Test", "CalculatorApp.Test\CalculatorApp.Test.csproj", "{E040A0C9-4522-4770-969D-7523A9FE3433}"
EndProject
Project("{FAE04EC0-301F-11D3-BF4B-00C04F79EFBC}") = "CalculatorApp.nUnit.Test", "CalculatorApp.nUnit.Test\CalculatorApp.nUnit.Test.csproj", "{E746663B-5222-4FCD-9FC0-B1AC64B10102}"
EndProject
Global
	GlobalSection(SolutionConfigurationPlatforms) = preSolution
		Debug|Any CPU = Debug|Any CPU
		Release|Any CPU = Release|Any CPU
	EndGlobalSection
	GlobalSection(ProjectConfigurationPlatforms) = postSolution
		{B16548F5-DDB7-444E-8153-34DF56D68658}.Debug|Any CPU.ActiveCfg = Debug|Any CPU
		{B16548F5-DDB7-444E-8153-34DF56D68658}.Debug|Any CPU.Build.0 = Debug|Any CPU
		{B16548F5-DDB7-444E-8153-34DF56D68658}.Release|Any CPU.ActiveCfg = Release|Any CPU
		{B16548F5-DDB7-444E-8153-34DF56D68658}.Release|Any CPU.Build.0 = Release|Any CPU
		{E040A0C9-4522-4770-969D-7523A9FE3433}.Debug|Any CPU.ActiveCfg = Debug|Any CPU
		{E040A0C9-4522-4770-969D-7523A9FE3433}.Debug|Any CPU.Build.0 = Debug|Any CPU
		{E040A0C9-4522-4770-969D-7523A9FE3433}.Release|Any CPU.ActiveCfg = Release|Any CPU
		{E040A0C9-4522-4770-969D-7523A9FE3433}.Release|Any CPU.Build.0 = Release|Any CPU
		{E746663B-5222-4FCD-9FC0-B1AC64B10102}.Debug|Any CPU.ActiveCfg = Debug|Any CPU
		{E746663B-5222-4FCD-9FC0-B1AC64B10102}.Debug|Any CPU.Build.0 = Debug|Any CPU
		{E746663B-5222-4FCD-9FC0-B1AC64B10102}.Release|Any CPU.ActiveCfg = Release|Any CPU
		{E746663B-5222-4FCD-9FC0-B1AC64B10102}.Release|Any CPU.Build.0 = Release|Any CPU
	EndGlobalSection
	GlobalSection(SolutionProperties) = preSolution
		HideSolutionNode = FALSE
	EndGlobalSection
	GlobalSection(ExtensibilityGlobals) = postSolution
		SolutionGuid = {1920E4AF-0621-44F1-AE2E-A46C0990062A}
	EndGlobalSection
EndGlobal
